// !$*UTF8*$!
{
	archiveVersion = 1;
	classes = {
	};
	objectVersion = 56;
	objects = {

/* Begin PBXBuildFile section */
		607C39172B03B6890079668C /* LoadPokemonDetailUseCase.swift in Sources */ = {isa = PBXBuildFile; fileRef = 607C39162B03B6890079668C /* LoadPokemonDetailUseCase.swift */; };
		607C391A2B03B73D0079668C /* PokemonDetailRepository.swift in Sources */ = {isa = PBXBuildFile; fileRef = 607C39192B03B73D0079668C /* PokemonDetailRepository.swift */; };
		607C391D2B03B7890079668C /* PokemonDetailRemote.swift in Sources */ = {isa = PBXBuildFile; fileRef = 607C391C2B03B7890079668C /* PokemonDetailRemote.swift */; };
		607C391F2B03B7920079668C /* PokemonDetailLocal.swift in Sources */ = {isa = PBXBuildFile; fileRef = 607C391E2B03B7920079668C /* PokemonDetailLocal.swift */; };
		607C39232B03BC340079668C /* PokemonDetailEntity.swift in Sources */ = {isa = PBXBuildFile; fileRef = 607C39222B03BC340079668C /* PokemonDetailEntity.swift */; };
		FB2A985D2AFAE03E00B026D7 /* Alamofire in Frameworks */ = {isa = PBXBuildFile; productRef = FB2A985C2AFAE03E00B026D7 /* Alamofire */; };
		FB2A98602AFB108A00B026D7 /* PokeApi.swift in Sources */ = {isa = PBXBuildFile; fileRef = FB2A985F2AFB108A00B026D7 /* PokeApi.swift */; };
		FBD0A0762AF56C7000AEA53E /* pokedex_app_cencoApp.swift in Sources */ = {isa = PBXBuildFile; fileRef = FBD0A0752AF56C7000AEA53E /* pokedex_app_cencoApp.swift */; };
		FBD0A0782AF56C7000AEA53E /* ContentView.swift in Sources */ = {isa = PBXBuildFile; fileRef = FBD0A0772AF56C7000AEA53E /* ContentView.swift */; };
		FBD0A07A2AF56C7400AEA53E /* Assets.xcassets in Resources */ = {isa = PBXBuildFile; fileRef = FBD0A0792AF56C7400AEA53E /* Assets.xcassets */; };
		FBD0A07D2AF56C7400AEA53E /* Preview Assets.xcassets in Resources */ = {isa = PBXBuildFile; fileRef = FBD0A07C2AF56C7400AEA53E /* Preview Assets.xcassets */; };
		FBD0A0862AF582DA00AEA53E /* Launch Screen.storyboard in Resources */ = {isa = PBXBuildFile; fileRef = FBD0A0852AF582DA00AEA53E /* Launch Screen.storyboard */; };
		FBD0A0882AF7E76100AEA53E /* PokemonListado.swift in Sources */ = {isa = PBXBuildFile; fileRef = FBD0A0872AF7E76100AEA53E /* PokemonListado.swift */; };
		FBD0A08A2AF920F700AEA53E /* PokemonCard.swift in Sources */ = {isa = PBXBuildFile; fileRef = FBD0A0892AF920F700AEA53E /* PokemonCard.swift */; };
		FBD0A08E2AF9226C00AEA53E /* Pokemon.swift in Sources */ = {isa = PBXBuildFile; fileRef = FBD0A08D2AF9226C00AEA53E /* Pokemon.swift */; };
		FBD0A0912AF92D8300AEA53E /* PokemonViewModel.swift in Sources */ = {isa = PBXBuildFile; fileRef = FBD0A0902AF92D8300AEA53E /* PokemonViewModel.swift */; };
		FBD0A0932AF9B38200AEA53E /* PokemonDetalle.swift in Sources */ = {isa = PBXBuildFile; fileRef = FBD0A0922AF9B38200AEA53E /* PokemonDetalle.swift */; };
/* End PBXBuildFile section */

/* Begin PBXFileReference section */
		607C39162B03B6890079668C /* LoadPokemonDetailUseCase.swift */ = {isa = PBXFileReference; lastKnownFileType = sourcecode.swift; path = LoadPokemonDetailUseCase.swift; sourceTree = "<group>"; };
		607C39192B03B73D0079668C /* PokemonDetailRepository.swift */ = {isa = PBXFileReference; lastKnownFileType = sourcecode.swift; path = PokemonDetailRepository.swift; sourceTree = "<group>"; };
		607C391C2B03B7890079668C /* PokemonDetailRemote.swift */ = {isa = PBXFileReference; lastKnownFileType = sourcecode.swift; path = PokemonDetailRemote.swift; sourceTree = "<group>"; };
		607C391E2B03B7920079668C /* PokemonDetailLocal.swift */ = {isa = PBXFileReference; lastKnownFileType = sourcecode.swift; path = PokemonDetailLocal.swift; sourceTree = "<group>"; };
		607C39222B03BC340079668C /* PokemonDetailEntity.swift */ = {isa = PBXFileReference; lastKnownFileType = sourcecode.swift; path = PokemonDetailEntity.swift; sourceTree = "<group>"; };
		FB2A985F2AFB108A00B026D7 /* PokeApi.swift */ = {isa = PBXFileReference; lastKnownFileType = sourcecode.swift; path = PokeApi.swift; sourceTree = "<group>"; };
		FBD0A0722AF56C7000AEA53E /* pokedex-app-cenco.app */ = {isa = PBXFileReference; explicitFileType = wrapper.application; includeInIndex = 0; path = "pokedex-app-cenco.app"; sourceTree = BUILT_PRODUCTS_DIR; };
		FBD0A0752AF56C7000AEA53E /* pokedex_app_cencoApp.swift */ = {isa = PBXFileReference; lastKnownFileType = sourcecode.swift; path = pokedex_app_cencoApp.swift; sourceTree = "<group>"; };
		FBD0A0772AF56C7000AEA53E /* ContentView.swift */ = {isa = PBXFileReference; lastKnownFileType = sourcecode.swift; path = ContentView.swift; sourceTree = "<group>"; };
		FBD0A0792AF56C7400AEA53E /* Assets.xcassets */ = {isa = PBXFileReference; lastKnownFileType = folder.assetcatalog; path = Assets.xcassets; sourceTree = "<group>"; };
		FBD0A07C2AF56C7400AEA53E /* Preview Assets.xcassets */ = {isa = PBXFileReference; lastKnownFileType = folder.assetcatalog; path = "Preview Assets.xcassets"; sourceTree = "<group>"; };
		FBD0A0852AF582DA00AEA53E /* Launch Screen.storyboard */ = {isa = PBXFileReference; lastKnownFileType = file.storyboard; path = "Launch Screen.storyboard"; sourceTree = "<group>"; };
		FBD0A0872AF7E76100AEA53E /* PokemonListado.swift */ = {isa = PBXFileReference; lastKnownFileType = sourcecode.swift; path = PokemonListado.swift; sourceTree = "<group>"; };
		FBD0A0892AF920F700AEA53E /* PokemonCard.swift */ = {isa = PBXFileReference; lastKnownFileType = sourcecode.swift; path = PokemonCard.swift; sourceTree = "<group>"; };
		FBD0A08D2AF9226C00AEA53E /* Pokemon.swift */ = {isa = PBXFileReference; lastKnownFileType = sourcecode.swift; path = Pokemon.swift; sourceTree = "<group>"; };
		FBD0A0902AF92D8300AEA53E /* PokemonViewModel.swift */ = {isa = PBXFileReference; lastKnownFileType = sourcecode.swift; path = PokemonViewModel.swift; sourceTree = "<group>"; };
		FBD0A0922AF9B38200AEA53E /* PokemonDetalle.swift */ = {isa = PBXFileReference; lastKnownFileType = sourcecode.swift; path = PokemonDetalle.swift; sourceTree = "<group>"; };
/* End PBXFileReference section */

/* Begin PBXFrameworksBuildPhase section */
		FBD0A06F2AF56C7000AEA53E /* Frameworks */ = {
			isa = PBXFrameworksBuildPhase;
			buildActionMask = 2147483647;
			files = (
				FB2A985D2AFAE03E00B026D7 /* Alamofire in Frameworks */,
			);
			runOnlyForDeploymentPostprocessing = 0;
		};
/* End PBXFrameworksBuildPhase section */

/* Begin PBXGroup section */
		607C39152B03B6710079668C /* UseCase */ = {
			isa = PBXGroup;
			children = (
				607C39162B03B6890079668C /* LoadPokemonDetailUseCase.swift */,
			);
			path = UseCase;
			sourceTree = "<group>";
		};
		607C39182B03B72B0079668C /* Repository */ = {
			isa = PBXGroup;
			children = (
				607C39192B03B73D0079668C /* PokemonDetailRepository.swift */,
			);
			path = Repository;
			sourceTree = "<group>";
		};
		607C391B2B03B7780079668C /* DataSource */ = {
			isa = PBXGroup;
			children = (
				607C391C2B03B7890079668C /* PokemonDetailRemote.swift */,
				607C391E2B03B7920079668C /* PokemonDetailLocal.swift */,
			);
			path = DataSource;
			sourceTree = "<group>";
		};
		607C39202B03BC1A0079668C /* Presentation */ = {
			isa = PBXGroup;
			children = (
				607C39212B03BC290079668C /* Entity */,
				FBD0A08F2AF92D6400AEA53E /* ViewModel */,
				FBD0A08B2AF9223100AEA53E /* View */,
			);
			path = Presentation;
			sourceTree = "<group>";
		};
		607C39212B03BC290079668C /* Entity */ = {
			isa = PBXGroup;
			children = (
				607C39222B03BC340079668C /* PokemonDetailEntity.swift */,
			);
			path = Entity;
			sourceTree = "<group>";
		};
		FB2A985E2AFB107E00B026D7 /* API */ = {
			isa = PBXGroup;
			children = (
				FB2A985F2AFB108A00B026D7 /* PokeApi.swift */,
			);
			path = API;
			sourceTree = "<group>";
		};
		FBD0A0692AF56C7000AEA53E = {
			isa = PBXGroup;
			children = (
				FBD0A0742AF56C7000AEA53E /* pokedex-app-cenco */,
				FBD0A0732AF56C7000AEA53E /* Products */,
			);
			sourceTree = "<group>";
		};
		FBD0A0732AF56C7000AEA53E /* Products */ = {
			isa = PBXGroup;
			children = (
				FBD0A0722AF56C7000AEA53E /* pokedex-app-cenco.app */,
			);
			name = Products;
			sourceTree = "<group>";
		};
		FBD0A0742AF56C7000AEA53E /* pokedex-app-cenco */ = {
			isa = PBXGroup;
			children = (
				607C39202B03BC1A0079668C /* Presentation */,
				607C391B2B03B7780079668C /* DataSource */,
				607C39182B03B72B0079668C /* Repository */,
				607C39152B03B6710079668C /* UseCase */,
				FB2A985E2AFB107E00B026D7 /* API */,
				FBD0A08C2AF9225100AEA53E /* Model */,
				FBD0A0752AF56C7000AEA53E /* pokedex_app_cencoApp.swift */,
				FBD0A0772AF56C7000AEA53E /* ContentView.swift */,
				FBD0A0792AF56C7400AEA53E /* Assets.xcassets */,
				FBD0A07B2AF56C7400AEA53E /* Preview Content */,
				FBD0A0852AF582DA00AEA53E /* Launch Screen.storyboard */,
			);
			path = "pokedex-app-cenco";
			sourceTree = "<group>";
		};
		FBD0A07B2AF56C7400AEA53E /* Preview Content */ = {
			isa = PBXGroup;
			children = (
				FBD0A07C2AF56C7400AEA53E /* Preview Assets.xcassets */,
			);
			path = "Preview Content";
			sourceTree = "<group>";
		};
		FBD0A08B2AF9223100AEA53E /* View */ = {
			isa = PBXGroup;
			children = (
				FBD0A0892AF920F700AEA53E /* PokemonCard.swift */,
				FBD0A0872AF7E76100AEA53E /* PokemonListado.swift */,
				FBD0A0922AF9B38200AEA53E /* PokemonDetalle.swift */,
			);
			path = View;
			sourceTree = "<group>";
		};
		FBD0A08C2AF9225100AEA53E /* Model */ = {
			isa = PBXGroup;
			children = (
				FBD0A08D2AF9226C00AEA53E /* Pokemon.swift */,
			);
			path = Model;
			sourceTree = "<group>";
		};
		FBD0A08F2AF92D6400AEA53E /* ViewModel */ = {
			isa = PBXGroup;
			children = (
				FBD0A0902AF92D8300AEA53E /* PokemonViewModel.swift */,
			);
			path = ViewModel;
			sourceTree = "<group>";
		};
/* End PBXGroup section */

/* Begin PBXNativeTarget section */
		FBD0A0712AF56C7000AEA53E /* pokedex-app-cenco */ = {
			isa = PBXNativeTarget;
			buildConfigurationList = FBD0A0802AF56C7400AEA53E /* Build configuration list for PBXNativeTarget "pokedex-app-cenco" */;
			buildPhases = (
				FBD0A06E2AF56C7000AEA53E /* Sources */,
				FBD0A06F2AF56C7000AEA53E /* Frameworks */,
				FBD0A0702AF56C7000AEA53E /* Resources */,
			);
			buildRules = (
			);
			dependencies = (
			);
			name = "pokedex-app-cenco";
			packageProductDependencies = (
				FB2A985C2AFAE03E00B026D7 /* Alamofire */,
			);
			productName = "pokedex-app-cenco";
			productReference = FBD0A0722AF56C7000AEA53E /* pokedex-app-cenco.app */;
			productType = "com.apple.product-type.application";
		};
/* End PBXNativeTarget section */

/* Begin PBXProject section */
		FBD0A06A2AF56C7000AEA53E /* Project object */ = {
			isa = PBXProject;
			attributes = {
				BuildIndependentTargetsInParallel = 1;
				LastSwiftUpdateCheck = 1500;
				LastUpgradeCheck = 1500;
				TargetAttributes = {
					FBD0A0712AF56C7000AEA53E = {
						CreatedOnToolsVersion = 15.0.1;
					};
				};
			};
			buildConfigurationList = FBD0A06D2AF56C7000AEA53E /* Build configuration list for PBXProject "pokedex-app-cenco" */;
			compatibilityVersion = "Xcode 14.0";
			developmentRegion = en;
			hasScannedForEncodings = 0;
			knownRegions = (
				en,
				Base,
			);
			mainGroup = FBD0A0692AF56C7000AEA53E;
			packageReferences = (
				FB2A985B2AFAE03E00B026D7 /* XCRemoteSwiftPackageReference "Alamofire" */,
			);
			productRefGroup = FBD0A0732AF56C7000AEA53E /* Products */;
			projectDirPath = "";
			projectRoot = "";
			targets = (
				FBD0A0712AF56C7000AEA53E /* pokedex-app-cenco */,
			);
		};
/* End PBXProject section */

/* Begin PBXResourcesBuildPhase section */
		FBD0A0702AF56C7000AEA53E /* Resources */ = {
			isa = PBXResourcesBuildPhase;
			buildActionMask = 2147483647;
			files = (
				FBD0A0862AF582DA00AEA53E /* Launch Screen.storyboard in Resources */,
				FBD0A07D2AF56C7400AEA53E /* Preview Assets.xcassets in Resources */,
				FBD0A07A2AF56C7400AEA53E /* Assets.xcassets in Resources */,
			);
			runOnlyForDeploymentPostprocessing = 0;
		};
/* End PBXResourcesBuildPhase section */

/* Begin PBXSourcesBuildPhase section */
		FBD0A06E2AF56C7000AEA53E /* Sources */ = {
			isa = PBXSourcesBuildPhase;
			buildActionMask = 2147483647;
			files = (
				607C391D2B03B7890079668C /* PokemonDetailRemote.swift in Sources */,
				607C391A2B03B73D0079668C /* PokemonDetailRepository.swift in Sources */,
				FBD0A08E2AF9226C00AEA53E /* Pokemon.swift in Sources */,
				FBD0A0782AF56C7000AEA53E /* ContentView.swift in Sources */,
				607C39172B03B6890079668C /* LoadPokemonDetailUseCase.swift in Sources */,
				607C39232B03BC340079668C /* PokemonDetailEntity.swift in Sources */,
				FB2A98602AFB108A00B026D7 /* PokeApi.swift in Sources */,
				607C391F2B03B7920079668C /* PokemonDetailLocal.swift in Sources */,
				FBD0A0932AF9B38200AEA53E /* PokemonDetalle.swift in Sources */,
				FBD0A0912AF92D8300AEA53E /* PokemonViewModel.swift in Sources */,
				FBD0A0762AF56C7000AEA53E /* pokedex_app_cencoApp.swift in Sources */,
				FBD0A08A2AF920F700AEA53E /* PokemonCard.swift in Sources */,
				FBD0A0882AF7E76100AEA53E /* PokemonListado.swift in Sources */,
			);
			runOnlyForDeploymentPostprocessing = 0;
		};
/* End PBXSourcesBuildPhase section */

/* Begin XCBuildConfiguration section */
		FBD0A07E2AF56C7400AEA53E /* Debug */ = {
			isa = XCBuildConfiguration;
			buildSettings = {
				ALWAYS_SEARCH_USER_PATHS = NO;
				ASSETCATALOG_COMPILER_GENERATE_SWIFT_ASSET_SYMBOL_EXTENSIONS = YES;
				CLANG_ANALYZER_NONNULL = YES;
				CLANG_ANALYZER_NUMBER_OBJECT_CONVERSION = YES_AGGRESSIVE;
				CLANG_CXX_LANGUAGE_STANDARD = "gnu++20";
				CLANG_ENABLE_MODULES = YES;
				CLANG_ENABLE_OBJC_ARC = YES;
				CLANG_ENABLE_OBJC_WEAK = YES;
				CLANG_WARN_BLOCK_CAPTURE_AUTORELEASING = YES;
				CLANG_WARN_BOOL_CONVERSION = YES;
				CLANG_WARN_COMMA = YES;
				CLANG_WARN_CONSTANT_CONVERSION = YES;
				CLANG_WARN_DEPRECATED_OBJC_IMPLEMENTATIONS = YES;
				CLANG_WARN_DIRECT_OBJC_ISA_USAGE = YES_ERROR;
				CLANG_WARN_DOCUMENTATION_COMMENTS = YES;
				CLANG_WARN_EMPTY_BODY = YES;
				CLANG_WARN_ENUM_CONVERSION = YES;
				CLANG_WARN_INFINITE_RECURSION = YES;
				CLANG_WARN_INT_CONVERSION = YES;
				CLANG_WARN_NON_LITERAL_NULL_CONVERSION = YES;
				CLANG_WARN_OBJC_IMPLICIT_RETAIN_SELF = YES;
				CLANG_WARN_OBJC_LITERAL_CONVERSION = YES;
				CLANG_WARN_OBJC_ROOT_CLASS = YES_ERROR;
				CLANG_WARN_QUOTED_INCLUDE_IN_FRAMEWORK_HEADER = YES;
				CLANG_WARN_RANGE_LOOP_ANALYSIS = YES;
				CLANG_WARN_STRICT_PROTOTYPES = YES;
				CLANG_WARN_SUSPICIOUS_MOVE = YES;
				CLANG_WARN_UNGUARDED_AVAILABILITY = YES_AGGRESSIVE;
				CLANG_WARN_UNREACHABLE_CODE = YES;
				CLANG_WARN__DUPLICATE_METHOD_MATCH = YES;
				COPY_PHASE_STRIP = NO;
				DEBUG_INFORMATION_FORMAT = dwarf;
				ENABLE_STRICT_OBJC_MSGSEND = YES;
				ENABLE_TESTABILITY = YES;
				ENABLE_USER_SCRIPT_SANDBOXING = YES;
				GCC_C_LANGUAGE_STANDARD = gnu17;
				GCC_DYNAMIC_NO_PIC = NO;
				GCC_NO_COMMON_BLOCKS = YES;
				GCC_OPTIMIZATION_LEVEL = 0;
				GCC_PREPROCESSOR_DEFINITIONS = (
					"DEBUG=1",
					"$(inherited)",
				);
				GCC_WARN_64_TO_32_BIT_CONVERSION = YES;
				GCC_WARN_ABOUT_RETURN_TYPE = YES_ERROR;
				GCC_WARN_UNDECLARED_SELECTOR = YES;
				GCC_WARN_UNINITIALIZED_AUTOS = YES_AGGRESSIVE;
				GCC_WARN_UNUSED_FUNCTION = YES;
				GCC_WARN_UNUSED_VARIABLE = YES;
				IPHONEOS_DEPLOYMENT_TARGET = 17.0;
				LOCALIZATION_PREFERS_STRING_CATALOGS = YES;
				MTL_ENABLE_DEBUG_INFO = INCLUDE_SOURCE;
				MTL_FAST_MATH = YES;
				ONLY_ACTIVE_ARCH = YES;
				SDKROOT = iphoneos;
				SWIFT_ACTIVE_COMPILATION_CONDITIONS = "DEBUG $(inherited)";
				SWIFT_OPTIMIZATION_LEVEL = "-Onone";
			};
			name = Debug;
		};
		FBD0A07F2AF56C7400AEA53E /* Release */ = {
			isa = XCBuildConfiguration;
			buildSettings = {
				ALWAYS_SEARCH_USER_PATHS = NO;
				ASSETCATALOG_COMPILER_GENERATE_SWIFT_ASSET_SYMBOL_EXTENSIONS = YES;
				CLANG_ANALYZER_NONNULL = YES;
				CLANG_ANALYZER_NUMBER_OBJECT_CONVERSION = YES_AGGRESSIVE;
				CLANG_CXX_LANGUAGE_STANDARD = "gnu++20";
				CLANG_ENABLE_MODULES = YES;
				CLANG_ENABLE_OBJC_ARC = YES;
				CLANG_ENABLE_OBJC_WEAK = YES;
				CLANG_WARN_BLOCK_CAPTURE_AUTORELEASING = YES;
				CLANG_WARN_BOOL_CONVERSION = YES;
				CLANG_WARN_COMMA = YES;
				CLANG_WARN_CONSTANT_CONVERSION = YES;
				CLANG_WARN_DEPRECATED_OBJC_IMPLEMENTATIONS = YES;
				CLANG_WARN_DIRECT_OBJC_ISA_USAGE = YES_ERROR;
				CLANG_WARN_DOCUMENTATION_COMMENTS = YES;
				CLANG_WARN_EMPTY_BODY = YES;
				CLANG_WARN_ENUM_CONVERSION = YES;
				CLANG_WARN_INFINITE_RECURSION = YES;
				CLANG_WARN_INT_CONVERSION = YES;
				CLANG_WARN_NON_LITERAL_NULL_CONVERSION = YES;
				CLANG_WARN_OBJC_IMPLICIT_RETAIN_SELF = YES;
				CLANG_WARN_OBJC_LITERAL_CONVERSION = YES;
				CLANG_WARN_OBJC_ROOT_CLASS = YES_ERROR;
				CLANG_WARN_QUOTED_INCLUDE_IN_FRAMEWORK_HEADER = YES;
				CLANG_WARN_RANGE_LOOP_ANALYSIS = YES;
				CLANG_WARN_STRICT_PROTOTYPES = YES;
				CLANG_WARN_SUSPICIOUS_MOVE = YES;
				CLANG_WARN_UNGUARDED_AVAILABILITY = YES_AGGRESSIVE;
				CLANG_WARN_UNREACHABLE_CODE = YES;
				CLANG_WARN__DUPLICATE_METHOD_MATCH = YES;
				COPY_PHASE_STRIP = NO;
				DEBUG_INFORMATION_FORMAT = "dwarf-with-dsym";
				ENABLE_NS_ASSERTIONS = NO;
				ENABLE_STRICT_OBJC_MSGSEND = YES;
				ENABLE_USER_SCRIPT_SANDBOXING = YES;
				GCC_C_LANGUAGE_STANDARD = gnu17;
				GCC_NO_COMMON_BLOCKS = YES;
				GCC_WARN_64_TO_32_BIT_CONVERSION = YES;
				GCC_WARN_ABOUT_RETURN_TYPE = YES_ERROR;
				GCC_WARN_UNDECLARED_SELECTOR = YES;
				GCC_WARN_UNINITIALIZED_AUTOS = YES_AGGRESSIVE;
				GCC_WARN_UNUSED_FUNCTION = YES;
				GCC_WARN_UNUSED_VARIABLE = YES;
				IPHONEOS_DEPLOYMENT_TARGET = 17.0;
				LOCALIZATION_PREFERS_STRING_CATALOGS = YES;
				MTL_ENABLE_DEBUG_INFO = NO;
				MTL_FAST_MATH = YES;
				SDKROOT = iphoneos;
				SWIFT_COMPILATION_MODE = wholemodule;
				VALIDATE_PRODUCT = YES;
			};
			name = Release;
		};
		FBD0A0812AF56C7400AEA53E /* Debug */ = {
			isa = XCBuildConfiguration;
			buildSettings = {
				ASSETCATALOG_COMPILER_APPICON_NAME = AppIcon;
				ASSETCATALOG_COMPILER_GLOBAL_ACCENT_COLOR_NAME = AccentColor;
				CODE_SIGN_STYLE = Automatic;
				CURRENT_PROJECT_VERSION = 1;
				DEVELOPMENT_ASSET_PATHS = "\"pokedex-app-cenco/Preview Content\"";
				DEVELOPMENT_TEAM = NJ392CW95W;
				ENABLE_PREVIEWS = YES;
				GENERATE_INFOPLIST_FILE = YES;
				INFOPLIST_KEY_UIApplicationSceneManifest_Generation = YES;
				INFOPLIST_KEY_UIApplicationSupportsIndirectInputEvents = YES;
				INFOPLIST_KEY_UILaunchScreen_Generation = YES;
				INFOPLIST_KEY_UILaunchStoryboardName = "Launch Screen.storyboard";
				INFOPLIST_KEY_UISupportedInterfaceOrientations_iPad = "UIInterfaceOrientationPortrait UIInterfaceOrientationPortraitUpsideDown UIInterfaceOrientationLandscapeLeft UIInterfaceOrientationLandscapeRight";
				INFOPLIST_KEY_UISupportedInterfaceOrientations_iPhone = "UIInterfaceOrientationPortrait UIInterfaceOrientationLandscapeLeft UIInterfaceOrientationLandscapeRight";
				LD_RUNPATH_SEARCH_PATHS = (
					"$(inherited)",
					"@executable_path/Frameworks",
				);
				MARKETING_VERSION = 1.0;
				PRODUCT_BUNDLE_IDENTIFIER = "none.pokedex-app-cenco";
				PRODUCT_NAME = "$(TARGET_NAME)";
				SWIFT_EMIT_LOC_STRINGS = YES;
				SWIFT_VERSION = 5.0;
				TARGETED_DEVICE_FAMILY = "1,2";
			};
			name = Debug;
		};
		FBD0A0822AF56C7400AEA53E /* Release */ = {
			isa = XCBuildConfiguration;
			buildSettings = {
				ASSETCATALOG_COMPILER_APPICON_NAME = AppIcon;
				ASSETCATALOG_COMPILER_GLOBAL_ACCENT_COLOR_NAME = AccentColor;
				CODE_SIGN_STYLE = Automatic;
				CURRENT_PROJECT_VERSION = 1;
				DEVELOPMENT_ASSET_PATHS = "\"pokedex-app-cenco/Preview Content\"";
				DEVELOPMENT_TEAM = NJ392CW95W;
				ENABLE_PREVIEWS = YES;
				GENERATE_INFOPLIST_FILE = YES;
				INFOPLIST_KEY_UIApplicationSceneManifest_Generation = YES;
				INFOPLIST_KEY_UIApplicationSupportsIndirectInputEvents = YES;
				INFOPLIST_KEY_UILaunchScreen_Generation = YES;
				INFOPLIST_KEY_UILaunchStoryboardName = "Launch Screen.storyboard";
				INFOPLIST_KEY_UISupportedInterfaceOrientations_iPad = "UIInterfaceOrientationPortrait UIInterfaceOrientationPortraitUpsideDown UIInterfaceOrientationLandscapeLeft UIInterfaceOrientationLandscapeRight";
				INFOPLIST_KEY_UISupportedInterfaceOrientations_iPhone = "UIInterfaceOrientationPortrait UIInterfaceOrientationLandscapeLeft UIInterfaceOrientationLandscapeRight";
				LD_RUNPATH_SEARCH_PATHS = (
					"$(inherited)",
					"@executable_path/Frameworks",
				);
				MARKETING_VERSION = 1.0;
				PRODUCT_BUNDLE_IDENTIFIER = "none.pokedex-app-cenco";
				PRODUCT_NAME = "$(TARGET_NAME)";
				SWIFT_EMIT_LOC_STRINGS = YES;
				SWIFT_VERSION = 5.0;
				TARGETED_DEVICE_FAMILY = "1,2";
			};
			name = Release;
		};
/* End XCBuildConfiguration section */

/* Begin XCConfigurationList section */
		FBD0A06D2AF56C7000AEA53E /* Build configuration list for PBXProject "pokedex-app-cenco" */ = {
			isa = XCConfigurationList;
			buildConfigurations = (
				FBD0A07E2AF56C7400AEA53E /* Debug */,
				FBD0A07F2AF56C7400AEA53E /* Release */,
			);
			defaultConfigurationIsVisible = 0;
			defaultConfigurationName = Release;
		};
		FBD0A0802AF56C7400AEA53E /* Build configuration list for PBXNativeTarget "pokedex-app-cenco" */ = {
			isa = XCConfigurationList;
			buildConfigurations = (
				FBD0A0812AF56C7400AEA53E /* Debug */,
				FBD0A0822AF56C7400AEA53E /* Release */,
			);
			defaultConfigurationIsVisible = 0;
			defaultConfigurationName = Release;
		};
/* End XCConfigurationList section */

/* Begin XCRemoteSwiftPackageReference section */
		FB2A985B2AFAE03E00B026D7 /* XCRemoteSwiftPackageReference "Alamofire" */ = {
			isa = XCRemoteSwiftPackageReference;
			repositoryURL = "https://github.com/Alamofire/Alamofire.git";
			requirement = {
				kind = upToNextMajorVersion;
				minimumVersion = 5.8.1;
			};
		};
/* End XCRemoteSwiftPackageReference section */

/* Begin XCSwiftPackageProductDependency section */
		FB2A985C2AFAE03E00B026D7 /* Alamofire */ = {
			isa = XCSwiftPackageProductDependency;
			package = FB2A985B2AFAE03E00B026D7 /* XCRemoteSwiftPackageReference "Alamofire" */;
			productName = Alamofire;
		};
/* End XCSwiftPackageProductDependency section */
	};
	rootObject = FBD0A06A2AF56C7000AEA53E /* Project object */;
}
